
Microsoft Visual Studio Solution File, Format Version 12.00
# Visual Studio Version 16
VisualStudioVersion = 16.0.29503.13
MinimumVisualStudioVersion = 10.0.40219.1
Project("{FAE04EC0-301F-11D3-BF4B-00C04F79EFBC}") = "Bartolini.Liam.4H.MediaMobile", "Bartolini.Liam.4H.MediaMobile\Bartolini.Liam.4H.MediaMobile.csproj", "{5C78B18D-8896-490B-B47E-ED5D8C2736E7}"
EndProject
Global
	GlobalSection(SolutionConfigurationPlatforms) = preSolution
		Debug|Any CPU = Debug|Any CPU
		Release|Any CPU = Release|Any CPU
	EndGlobalSection
	GlobalSection(ProjectConfigurationPlatforms) = postSolution
		{5C78B18D-8896-490B-B47E-ED5D8C2736E7}.Debug|Any CPU.ActiveCfg = Debug|Any CPU
		{5C78B18D-8896-490B-B47E-ED5D8C2736E7}.Debug|Any CPU.Build.0 = Debug|Any CPU
		{5C78B18D-8896-490B-B47E-ED5D8C2736E7}.Release|Any CPU.ActiveCfg = Release|Any CPU
		{5C78B18D-8896-490B-B47E-ED5D8C2736E7}.Release|Any CPU.Build.0 = Release|Any CPU
	EndGlobalSection
	GlobalSection(SolutionProperties) = preSolution
		HideSolutionNode = FALSE
	EndGlobalSection
	GlobalSection(ExtensibilityGlobals) = postSolution
		SolutionGuid = {8504E75A-DE7A-4474-B51E-DE3BC6E044E2}
	EndGlobalSection
EndGlobal
